
Microsoft Visual Studio Solution File, Format Version 11.00
# Visual Studio 2010
Project("{FAE04EC0-301F-11D3-BF4B-00C04F79EFBC}") = "CardWars3D", "Assembly-CSharp.csproj", "{62D9D1FC-687D-5C45-FED7-BE2DCEDE2AAF}"
EndProject
Project("{FAE04EC0-301F-11D3-BF4B-00C04F79EFBC}") = "CardWars3D", "Assembly-CSharp-Editor.csproj", "{F51EBF50-C982-2885-FDF9-676677F79CCE}"
EndProject
Global
	GlobalSection(SolutionConfigurationPlatforms) = preSolution
		Debug|Any CPU = Debug|Any CPU
		Release|Any CPU = Release|Any CPU
	EndGlobalSection
	GlobalSection(ProjectConfigurationPlatforms) = postSolution
		{62D9D1FC-687D-5C45-FED7-BE2DCEDE2AAF}.Debug|Any CPU.ActiveCfg = Debug|Any CPU
		{62D9D1FC-687D-5C45-FED7-BE2DCEDE2AAF}.Debug|Any CPU.Build.0 = Debug|Any CPU
		{62D9D1FC-687D-5C45-FED7-BE2DCEDE2AAF}.Release|Any CPU.ActiveCfg = Release|Any CPU
		{62D9D1FC-687D-5C45-FED7-BE2DCEDE2AAF}.Release|Any CPU.Build.0 = Release|Any CPU
		{F51EBF50-C982-2885-FDF9-676677F79CCE}.Debug|Any CPU.ActiveCfg = Debug|Any CPU
		{F51EBF50-C982-2885-FDF9-676677F79CCE}.Debug|Any CPU.Build.0 = Debug|Any CPU
		{F51EBF50-C982-2885-FDF9-676677F79CCE}.Release|Any CPU.ActiveCfg = Release|Any CPU
		{F51EBF50-C982-2885-FDF9-676677F79CCE}.Release|Any CPU.Build.0 = Release|Any CPU
	EndGlobalSection
	GlobalSection(SolutionProperties) = preSolution
		HideSolutionNode = FALSE
	EndGlobalSection
	GlobalSection(MonoDevelopProperties) = preSolution
		StartupItem = Assembly-CSharp.csproj
	EndGlobalSection
EndGlobal
