
Microsoft Visual Studio Solution File, Format Version 11.00
# Visual Studio 2010
Project("{FAE04EC0-301F-11D3-BF4B-00C04F79EFBC}") = "CardWars3DS", "Assembly-CSharp.csproj", "{52919CAB-94CA-F247-1EA2-1E21B7FAE226}"
EndProject
Project("{FAE04EC0-301F-11D3-BF4B-00C04F79EFBC}") = "CardWars3DS", "Assembly-CSharp-Editor.csproj", "{2D301942-240E-63DD-FE7E-AD5595622C6C}"
EndProject
Global
	GlobalSection(SolutionConfigurationPlatforms) = preSolution
		Debug|Any CPU = Debug|Any CPU
		Release|Any CPU = Release|Any CPU
	EndGlobalSection
	GlobalSection(ProjectConfigurationPlatforms) = postSolution
		{52919CAB-94CA-F247-1EA2-1E21B7FAE226}.Debug|Any CPU.ActiveCfg = Debug|Any CPU
		{52919CAB-94CA-F247-1EA2-1E21B7FAE226}.Debug|Any CPU.Build.0 = Debug|Any CPU
		{52919CAB-94CA-F247-1EA2-1E21B7FAE226}.Release|Any CPU.ActiveCfg = Release|Any CPU
		{52919CAB-94CA-F247-1EA2-1E21B7FAE226}.Release|Any CPU.Build.0 = Release|Any CPU
		{2D301942-240E-63DD-FE7E-AD5595622C6C}.Debug|Any CPU.ActiveCfg = Debug|Any CPU
		{2D301942-240E-63DD-FE7E-AD5595622C6C}.Debug|Any CPU.Build.0 = Debug|Any CPU
		{2D301942-240E-63DD-FE7E-AD5595622C6C}.Release|Any CPU.ActiveCfg = Release|Any CPU
		{2D301942-240E-63DD-FE7E-AD5595622C6C}.Release|Any CPU.Build.0 = Release|Any CPU
	EndGlobalSection
	GlobalSection(SolutionProperties) = preSolution
		HideSolutionNode = FALSE
	EndGlobalSection
	GlobalSection(MonoDevelopProperties) = preSolution
		StartupItem = Assembly-CSharp.csproj
	EndGlobalSection
EndGlobal
